PODS:
  - DeskCommon (1.0.3)
  - OHHTTPStubs (3.1.12):
    - OHHTTPStubs/Core (= 3.1.12)
  - OHHTTPStubs/Core (3.1.12)

DEPENDENCIES:
  - DeskCommon (from `https://github.com/forcedotcom/DeskCommon-Cocoa.git`, tag `1.0.3`)
  - OHHTTPStubs (~> 3.1.9)

EXTERNAL SOURCES:
  DeskCommon:
    :git: https://github.com/forcedotcom/DeskCommon-Cocoa.git
    :tag: 1.0.3

CHECKOUT OPTIONS:
  DeskCommon:
    :git: https://github.com/forcedotcom/DeskCommon-Cocoa.git
    :tag: 1.0.3

SPEC CHECKSUMS:
  DeskCommon: e4f7845e2dc91bfb03cd142e67de8ee8e2f89c82
  OHHTTPStubs: 8cf0cfe6f34f13fc88fdf5b2a1b2c2536e8c0261

COCOAPODS: 0.35.0
